
Microsoft Visual Studio Solution File, Format Version 12.00
# Visual Studio Version 16
VisualStudioVersion = 16.0.30503.244
MinimumVisualStudioVersion = 10.0.40219.1
Project("{FAE04EC0-301F-11D3-BF4B-00C04F79EFBC}") = "Gelios.API", "Gelios.API\Gelios.API.csproj", "{00ED0C2D-D31C-40BC-9B9D-B49E7D62E4B6}"
EndProject
Global
	GlobalSection(SolutionConfigurationPlatforms) = preSolution
		Debug|Any CPU = Debug|Any CPU
		Release|Any CPU = Release|Any CPU
	EndGlobalSection
	GlobalSection(ProjectConfigurationPlatforms) = postSolution
		{00ED0C2D-D31C-40BC-9B9D-B49E7D62E4B6}.Debug|Any CPU.ActiveCfg = Debug|Any CPU
		{00ED0C2D-D31C-40BC-9B9D-B49E7D62E4B6}.Debug|Any CPU.Build.0 = Debug|Any CPU
		{00ED0C2D-D31C-40BC-9B9D-B49E7D62E4B6}.Release|Any CPU.ActiveCfg = Release|Any CPU
		{00ED0C2D-D31C-40BC-9B9D-B49E7D62E4B6}.Release|Any CPU.Build.0 = Release|Any CPU
	EndGlobalSection
	GlobalSection(SolutionProperties) = preSolution
		HideSolutionNode = FALSE
	EndGlobalSection
	GlobalSection(ExtensibilityGlobals) = postSolution
		SolutionGuid = {D2A4784A-F98E-4710-855E-E4BAE8194706}
	EndGlobalSection
EndGlobal
